
Microsoft Visual Studio Solution File, Format Version 12.00
# Visual Studio 15
VisualStudioVersion = 15.0.28307.1433
MinimumVisualStudioVersion = 10.0.40219.1
Project("{FAE04EC0-301F-11D3-BF4B-00C04F79EFBC}") = "MagmaStaffPanel", "MagmaStaffPanel\MagmaStaffPanel.csproj", "{6DC36370-AFD7-4892-BE5D-FF490E4F81B6}"
EndProject
Global
	GlobalSection(SolutionConfigurationPlatforms) = preSolution
		Debug|Any CPU = Debug|Any CPU
		Release|Any CPU = Release|Any CPU
	EndGlobalSection
	GlobalSection(ProjectConfigurationPlatforms) = postSolution
		{6DC36370-AFD7-4892-BE5D-FF490E4F81B6}.Debug|Any CPU.ActiveCfg = Debug|Any CPU
		{6DC36370-AFD7-4892-BE5D-FF490E4F81B6}.Debug|Any CPU.Build.0 = Debug|Any CPU
		{6DC36370-AFD7-4892-BE5D-FF490E4F81B6}.Release|Any CPU.ActiveCfg = Release|Any CPU
		{6DC36370-AFD7-4892-BE5D-FF490E4F81B6}.Release|Any CPU.Build.0 = Release|Any CPU
	EndGlobalSection
	GlobalSection(SolutionProperties) = preSolution
		HideSolutionNode = FALSE
	EndGlobalSection
	GlobalSection(ExtensibilityGlobals) = postSolution
		SolutionGuid = {84D3ABDB-1512-49BA-B196-E7586E5E3C5C}
	EndGlobalSection
EndGlobal
